
Microsoft Visual Studio Solution File, Format Version 12.00
# Visual Studio Version 17
VisualStudioVersion = 17.7.34031.279
MinimumVisualStudioVersion = 10.0.40219.1
Project("{FAE04EC0-301F-11D3-BF4B-00C04F79EFBC}") = "CourseProject", "CourseProject.csproj", "{826DFD3D-32D0-45A5-8C99-D9538D22A0FE}"
EndProject
Global
	GlobalSection(SolutionConfigurationPlatforms) = preSolution
		Debug|Any CPU = Debug|Any CPU
		Release|Any CPU = Release|Any CPU
	EndGlobalSection
	GlobalSection(ProjectConfigurationPlatforms) = postSolution
		{826DFD3D-32D0-45A5-8C99-D9538D22A0FE}.Debug|Any CPU.ActiveCfg = Debug|Any CPU
		{826DFD3D-32D0-45A5-8C99-D9538D22A0FE}.Debug|Any CPU.Build.0 = Debug|Any CPU
		{826DFD3D-32D0-45A5-8C99-D9538D22A0FE}.Release|Any CPU.ActiveCfg = Release|Any CPU
		{826DFD3D-32D0-45A5-8C99-D9538D22A0FE}.Release|Any CPU.Build.0 = Release|Any CPU
	EndGlobalSection
	GlobalSection(SolutionProperties) = preSolution
		HideSolutionNode = FALSE
	EndGlobalSection
	GlobalSection(ExtensibilityGlobals) = postSolution
		SolutionGuid = {71C748E7-DCFC-4F88-BA54-6CB9D9CF5DCD}
	EndGlobalSection
EndGlobal
